// !$*UTF8*$!
{
	archiveVersion = 1;
	classes = {
	};
	objectVersion = 55;
	objects = {

/* Begin PBXBuildFile section */
		89089602283A58A200AE2BEF /* AppDelegate.swift in Sources */ = {isa = PBXBuildFile; fileRef = 89089601283A58A200AE2BEF /* AppDelegate.swift */; };
		89089604283A58A200AE2BEF /* SceneDelegate.swift in Sources */ = {isa = PBXBuildFile; fileRef = 89089603283A58A200AE2BEF /* SceneDelegate.swift */; };
		89089606283A58A200AE2BEF /* CalculationViewController.swift in Sources */ = {isa = PBXBuildFile; fileRef = 89089605283A58A200AE2BEF /* CalculationViewController.swift */; };
		89089609283A58A200AE2BEF /* Main.storyboard in Resources */ = {isa = PBXBuildFile; fileRef = 89089607283A58A200AE2BEF /* Main.storyboard */; };
		8908960B283A58A400AE2BEF /* Assets.xcassets in Resources */ = {isa = PBXBuildFile; fileRef = 8908960A283A58A400AE2BEF /* Assets.xcassets */; };
		8908960E283A58A400AE2BEF /* LaunchScreen.storyboard in Resources */ = {isa = PBXBuildFile; fileRef = 8908960C283A58A400AE2BEF /* LaunchScreen.storyboard */; };
		890AE3DC2840D38200E67346 /* Popup.storyboard in Resources */ = {isa = PBXBuildFile; fileRef = 890AE3DB2840D38100E67346 /* Popup.storyboard */; };
		890AE3DE2840D3F800E67346 /* PopUpViewController.swift in Sources */ = {isa = PBXBuildFile; fileRef = 890AE3DD2840D3F800E67346 /* PopUpViewController.swift */; };
		890AE3E0284108EA00E67346 /* CalculateInfo.swift in Sources */ = {isa = PBXBuildFile; fileRef = 890AE3DF284108EA00E67346 /* CalculateInfo.swift */; };
		89C2D9D1283B9E89009BF444 /* CalculateModel.swift in Sources */ = {isa = PBXBuildFile; fileRef = 89C2D9D0283B9E89009BF444 /* CalculateModel.swift */; };
		89C2D9D4283B9EF5009BF444 /* CalculateBrain.swift in Sources */ = {isa = PBXBuildFile; fileRef = 89C2D9D3283B9EF5009BF444 /* CalculateBrain.swift */; };
		89C2D9D6283CC14C009BF444 /* StartViewController.swift in Sources */ = {isa = PBXBuildFile; fileRef = 89C2D9D5283CC14C009BF444 /* StartViewController.swift */; };
		89C2D9D8283CC418009BF444 /* ReferenceViewController.swift in Sources */ = {isa = PBXBuildFile; fileRef = 89C2D9D7283CC417009BF444 /* ReferenceViewController.swift */; };
		89C2D9DA283CC59C009BF444 /* ResultViewController.swift in Sources */ = {isa = PBXBuildFile; fileRef = 89C2D9D9283CC59C009BF444 /* ResultViewController.swift */; };
/* End PBXBuildFile section */

/* Begin PBXFileReference section */
		890895FE283A58A200AE2BEF /* Spoke Calculator.app */ = {isa = PBXFileReference; explicitFileType = wrapper.application; includeInIndex = 0; path = "Spoke Calculator.app"; sourceTree = BUILT_PRODUCTS_DIR; };
		89089601283A58A200AE2BEF /* AppDelegate.swift */ = {isa = PBXFileReference; lastKnownFileType = sourcecode.swift; path = AppDelegate.swift; sourceTree = "<group>"; };
		89089603283A58A200AE2BEF /* SceneDelegate.swift */ = {isa = PBXFileReference; lastKnownFileType = sourcecode.swift; path = SceneDelegate.swift; sourceTree = "<group>"; };
		89089605283A58A200AE2BEF /* CalculationViewController.swift */ = {isa = PBXFileReference; lastKnownFileType = sourcecode.swift; path = CalculationViewController.swift; sourceTree = "<group>"; };
		89089608283A58A200AE2BEF /* Base */ = {isa = PBXFileReference; lastKnownFileType = file.storyboard; name = Base; path = Base.lproj/Main.storyboard; sourceTree = "<group>"; };
		8908960A283A58A400AE2BEF /* Assets.xcassets */ = {isa = PBXFileReference; lastKnownFileType = folder.assetcatalog; path = Assets.xcassets; sourceTree = "<group>"; };
		8908960D283A58A400AE2BEF /* Base */ = {isa = PBXFileReference; lastKnownFileType = file.storyboard; name = Base; path = Base.lproj/LaunchScreen.storyboard; sourceTree = "<group>"; };
		8908960F283A58A400AE2BEF /* Info.plist */ = {isa = PBXFileReference; lastKnownFileType = text.plist.xml; path = Info.plist; sourceTree = "<group>"; };
		890AE3DB2840D38100E67346 /* Popup.storyboard */ = {isa = PBXFileReference; lastKnownFileType = file.storyboard; path = Popup.storyboard; sourceTree = "<group>"; };
		890AE3DD2840D3F800E67346 /* PopUpViewController.swift */ = {isa = PBXFileReference; lastKnownFileType = sourcecode.swift; path = PopUpViewController.swift; sourceTree = "<group>"; };
		890AE3DF284108EA00E67346 /* CalculateInfo.swift */ = {isa = PBXFileReference; lastKnownFileType = sourcecode.swift; path = CalculateInfo.swift; sourceTree = "<group>"; };
		89C2D9D0283B9E89009BF444 /* CalculateModel.swift */ = {isa = PBXFileReference; lastKnownFileType = sourcecode.swift; path = CalculateModel.swift; sourceTree = "<group>"; };
		89C2D9D3283B9EF5009BF444 /* CalculateBrain.swift */ = {isa = PBXFileReference; lastKnownFileType = sourcecode.swift; path = CalculateBrain.swift; sourceTree = "<group>"; };
		89C2D9D5283CC14C009BF444 /* StartViewController.swift */ = {isa = PBXFileReference; lastKnownFileType = sourcecode.swift; path = StartViewController.swift; sourceTree = "<group>"; };
		89C2D9D7283CC417009BF444 /* ReferenceViewController.swift */ = {isa = PBXFileReference; lastKnownFileType = sourcecode.swift; path = ReferenceViewController.swift; sourceTree = "<group>"; };
		89C2D9D9283CC59C009BF444 /* ResultViewController.swift */ = {isa = PBXFileReference; lastKnownFileType = sourcecode.swift; path = ResultViewController.swift; sourceTree = "<group>"; };
/* End PBXFileReference section */

/* Begin PBXFrameworksBuildPhase section */
		890895FB283A58A200AE2BEF /* Frameworks */ = {
			isa = PBXFrameworksBuildPhase;
			buildActionMask = 2147483647;
			files = (
			);
			runOnlyForDeploymentPostprocessing = 0;
		};
/* End PBXFrameworksBuildPhase section */

/* Begin PBXGroup section */
		890895F5283A58A200AE2BEF = {
			isa = PBXGroup;
			children = (
				89089600283A58A200AE2BEF /* Spoke Calculator */,
				890895FF283A58A200AE2BEF /* Products */,
			);
			sourceTree = "<group>";
		};
		890895FF283A58A200AE2BEF /* Products */ = {
			isa = PBXGroup;
			children = (
				890895FE283A58A200AE2BEF /* Spoke Calculator.app */,
			);
			name = Products;
			sourceTree = "<group>";
		};
		89089600283A58A200AE2BEF /* Spoke Calculator */ = {
			isa = PBXGroup;
			children = (
				89089601283A58A200AE2BEF /* AppDelegate.swift */,
				89089603283A58A200AE2BEF /* SceneDelegate.swift */,
				89C2D9CF283B9E59009BF444 /* Model */,
				89C2D9CD283B9E41009BF444 /* View */,
				89C2D9CC283B9E28009BF444 /* Controll */,
				8908960A283A58A400AE2BEF /* Assets.xcassets */,
				8908960C283A58A400AE2BEF /* LaunchScreen.storyboard */,
				8908960F283A58A400AE2BEF /* Info.plist */,
			);
			path = "Spoke Calculator";
			sourceTree = "<group>";
		};
		89C2D9CC283B9E28009BF444 /* Controll */ = {
			isa = PBXGroup;
			children = (
				89C2D9D5283CC14C009BF444 /* StartViewController.swift */,
				89089605283A58A200AE2BEF /* CalculationViewController.swift */,
				89C2D9D7283CC417009BF444 /* ReferenceViewController.swift */,
				89C2D9D9283CC59C009BF444 /* ResultViewController.swift */,
				890AE3DD2840D3F800E67346 /* PopUpViewController.swift */,
			);
			path = Controll;
			sourceTree = "<group>";
		};
		89C2D9CD283B9E41009BF444 /* View */ = {
			isa = PBXGroup;
			children = (
				89089607283A58A200AE2BEF /* Main.storyboard */,
				890AE3DB2840D38100E67346 /* Popup.storyboard */,
			);
			path = View;
			sourceTree = "<group>";
		};
		89C2D9CF283B9E59009BF444 /* Model */ = {
			isa = PBXGroup;
			children = (
				89C2D9D0283B9E89009BF444 /* CalculateModel.swift */,
				89C2D9D3283B9EF5009BF444 /* CalculateBrain.swift */,
				890AE3DF284108EA00E67346 /* CalculateInfo.swift */,
			);
			path = Model;
			sourceTree = "<group>";
		};
/* End PBXGroup section */

/* Begin PBXNativeTarget section */
		890895FD283A58A200AE2BEF /* Spoke Calculator */ = {
			isa = PBXNativeTarget;
			buildConfigurationList = 89089612283A58A400AE2BEF /* Build configuration list for PBXNativeTarget "Spoke Calculator" */;
			buildPhases = (
				890895FA283A58A200AE2BEF /* Sources */,
				890895FB283A58A200AE2BEF /* Frameworks */,
				890895FC283A58A200AE2BEF /* Resources */,
			);
			buildRules = (
			);
			dependencies = (
			);
			name = "Spoke Calculator";
			productName = "Spoke Calculator";
			productReference = 890895FE283A58A200AE2BEF /* Spoke Calculator.app */;
			productType = "com.apple.product-type.application";
		};
/* End PBXNativeTarget section */

/* Begin PBXProject section */
		890895F6283A58A200AE2BEF /* Project object */ = {
			isa = PBXProject;
			attributes = {
				BuildIndependentTargetsInParallel = 1;
				LastSwiftUpdateCheck = 1320;
				LastUpgradeCheck = 1320;
				TargetAttributes = {
					890895FD283A58A200AE2BEF = {
						CreatedOnToolsVersion = 13.2.1;
					};
				};
			};
			buildConfigurationList = 890895F9283A58A200AE2BEF /* Build configuration list for PBXProject "Spoke Calculator" */;
			compatibilityVersion = "Xcode 13.0";
			developmentRegion = en;
			hasScannedForEncodings = 0;
			knownRegions = (
				en,
				Base,
			);
			mainGroup = 890895F5283A58A200AE2BEF;
			productRefGroup = 890895FF283A58A200AE2BEF /* Products */;
			projectDirPath = "";
			projectRoot = "";
			targets = (
				890895FD283A58A200AE2BEF /* Spoke Calculator */,
			);
		};
/* End PBXProject section */

/* Begin PBXResourcesBuildPhase section */
		890895FC283A58A200AE2BEF /* Resources */ = {
			isa = PBXResourcesBuildPhase;
			buildActionMask = 2147483647;
			files = (
				8908960E283A58A400AE2BEF /* LaunchScreen.storyboard in Resources */,
				8908960B283A58A400AE2BEF /* Assets.xcassets in Resources */,
				89089609283A58A200AE2BEF /* Main.storyboard in Resources */,
				890AE3DC2840D38200E67346 /* Popup.storyboard in Resources */,
			);
			runOnlyForDeploymentPostprocessing = 0;
		};
/* End PBXResourcesBuildPhase section */

/* Begin PBXSourcesBuildPhase section */
		890895FA283A58A200AE2BEF /* Sources */ = {
			isa = PBXSourcesBuildPhase;
			buildActionMask = 2147483647;
			files = (
				89089606283A58A200AE2BEF /* CalculationViewController.swift in Sources */,
				89089602283A58A200AE2BEF /* AppDelegate.swift in Sources */,
				89C2D9D1283B9E89009BF444 /* CalculateModel.swift in Sources */,
				89C2D9DA283CC59C009BF444 /* ResultViewController.swift in Sources */,
				89089604283A58A200AE2BEF /* SceneDelegate.swift in Sources */,
				89C2D9D4283B9EF5009BF444 /* CalculateBrain.swift in Sources */,
				890AE3E0284108EA00E67346 /* CalculateInfo.swift in Sources */,
				89C2D9D8283CC418009BF444 /* ReferenceViewController.swift in Sources */,
				890AE3DE2840D3F800E67346 /* PopUpViewController.swift in Sources */,
				89C2D9D6283CC14C009BF444 /* StartViewController.swift in Sources */,
			);
			runOnlyForDeploymentPostprocessing = 0;
		};
/* End PBXSourcesBuildPhase section */

/* Begin PBXVariantGroup section */
		89089607283A58A200AE2BEF /* Main.storyboard */ = {
			isa = PBXVariantGroup;
			children = (
				89089608283A58A200AE2BEF /* Base */,
			);
			name = Main.storyboard;
			sourceTree = "<group>";
		};
		8908960C283A58A400AE2BEF /* LaunchScreen.storyboard */ = {
			isa = PBXVariantGroup;
			children = (
				8908960D283A58A400AE2BEF /* Base */,
			);
			name = LaunchScreen.storyboard;
			sourceTree = "<group>";
		};
/* End PBXVariantGroup section */

/* Begin XCBuildConfiguration section */
		89089610283A58A400AE2BEF /* Debug */ = {
			isa = XCBuildConfiguration;
			buildSettings = {
				ALWAYS_SEARCH_USER_PATHS = NO;
				CLANG_ANALYZER_NONNULL = YES;
				CLANG_ANALYZER_NUMBER_OBJECT_CONVERSION = YES_AGGRESSIVE;
				CLANG_CXX_LANGUAGE_STANDARD = "gnu++17";
				CLANG_CXX_LIBRARY = "libc++";
				CLANG_ENABLE_MODULES = YES;
				CLANG_ENABLE_OBJC_ARC = YES;
				CLANG_ENABLE_OBJC_WEAK = YES;
				CLANG_WARN_BLOCK_CAPTURE_AUTORELEASING = YES;
				CLANG_WARN_BOOL_CONVERSION = YES;
				CLANG_WARN_COMMA = YES;
				CLANG_WARN_CONSTANT_CONVERSION = YES;
				CLANG_WARN_DEPRECATED_OBJC_IMPLEMENTATIONS = YES;
				CLANG_WARN_DIRECT_OBJC_ISA_USAGE = YES_ERROR;
				CLANG_WARN_DOCUMENTATION_COMMENTS = YES;
				CLANG_WARN_EMPTY_BODY = YES;
				CLANG_WARN_ENUM_CONVERSION = YES;
				CLANG_WARN_INFINITE_RECURSION = YES;
				CLANG_WARN_INT_CONVERSION = YES;
				CLANG_WARN_NON_LITERAL_NULL_CONVERSION = YES;
				CLANG_WARN_OBJC_IMPLICIT_RETAIN_SELF = YES;
				CLANG_WARN_OBJC_LITERAL_CONVERSION = YES;
				CLANG_WARN_OBJC_ROOT_CLASS = YES_ERROR;
				CLANG_WARN_QUOTED_INCLUDE_IN_FRAMEWORK_HEADER = YES;
				CLANG_WARN_RANGE_LOOP_ANALYSIS = YES;
				CLANG_WARN_STRICT_PROTOTYPES = YES;
				CLANG_WARN_SUSPICIOUS_MOVE = YES;
				CLANG_WARN_UNGUARDED_AVAILABILITY = YES_AGGRESSIVE;
				CLANG_WARN_UNREACHABLE_CODE = YES;
				CLANG_WARN__DUPLICATE_METHOD_MATCH = YES;
				COPY_PHASE_STRIP = NO;
				DEBUG_INFORMATION_FORMAT = dwarf;
				ENABLE_STRICT_OBJC_MSGSEND = YES;
				ENABLE_TESTABILITY = YES;
				GCC_C_LANGUAGE_STANDARD = gnu11;
				GCC_DYNAMIC_NO_PIC = NO;
				GCC_NO_COMMON_BLOCKS = YES;
				GCC_OPTIMIZATION_LEVEL = 0;
				GCC_PREPROCESSOR_DEFINITIONS = (
					"DEBUG=1",
					"$(inherited)",
				);
				GCC_WARN_64_TO_32_BIT_CONVERSION = YES;
				GCC_WARN_ABOUT_RETURN_TYPE = YES_ERROR;
				GCC_WARN_UNDECLARED_SELECTOR = YES;
				GCC_WARN_UNINITIALIZED_AUTOS = YES_AGGRESSIVE;
				GCC_WARN_UNUSED_FUNCTION = YES;
				GCC_WARN_UNUSED_VARIABLE = YES;
				IPHONEOS_DEPLOYMENT_TARGET = 15.2;
				MTL_ENABLE_DEBUG_INFO = INCLUDE_SOURCE;
				MTL_FAST_MATH = YES;
				ONLY_ACTIVE_ARCH = YES;
				SDKROOT = iphoneos;
				SWIFT_ACTIVE_COMPILATION_CONDITIONS = DEBUG;
				SWIFT_OPTIMIZATION_LEVEL = "-Onone";
			};
			name = Debug;
		};
		89089611283A58A400AE2BEF /* Release */ = {
			isa = XCBuildConfiguration;
			buildSettings = {
				ALWAYS_SEARCH_USER_PATHS = NO;
				CLANG_ANALYZER_NONNULL = YES;
				CLANG_ANALYZER_NUMBER_OBJECT_CONVERSION = YES_AGGRESSIVE;
				CLANG_CXX_LANGUAGE_STANDARD = "gnu++17";
				CLANG_CXX_LIBRARY = "libc++";
				CLANG_ENABLE_MODULES = YES;
				CLANG_ENABLE_OBJC_ARC = YES;
				CLANG_ENABLE_OBJC_WEAK = YES;
				CLANG_WARN_BLOCK_CAPTURE_AUTORELEASING = YES;
				CLANG_WARN_BOOL_CONVERSION = YES;
				CLANG_WARN_COMMA = YES;
				CLANG_WARN_CONSTANT_CONVERSION = YES;
				CLANG_WARN_DEPRECATED_OBJC_IMPLEMENTATIONS = YES;
				CLANG_WARN_DIRECT_OBJC_ISA_USAGE = YES_ERROR;
				CLANG_WARN_DOCUMENTATION_COMMENTS = YES;
				CLANG_WARN_EMPTY_BODY = YES;
				CLANG_WARN_ENUM_CONVERSION = YES;
				CLANG_WARN_INFINITE_RECURSION = YES;
				CLANG_WARN_INT_CONVERSION = YES;
				CLANG_WARN_NON_LITERAL_NULL_CONVERSION = YES;
				CLANG_WARN_OBJC_IMPLICIT_RETAIN_SELF = YES;
				CLANG_WARN_OBJC_LITERAL_CONVERSION = YES;
				CLANG_WARN_OBJC_ROOT_CLASS = YES_ERROR;
				CLANG_WARN_QUOTED_INCLUDE_IN_FRAMEWORK_HEADER = YES;
				CLANG_WARN_RANGE_LOOP_ANALYSIS = YES;
				CLANG_WARN_STRICT_PROTOTYPES = YES;
				CLANG_WARN_SUSPICIOUS_MOVE = YES;
				CLANG_WARN_UNGUARDED_AVAILABILITY = YES_AGGRESSIVE;
				CLANG_WARN_UNREACHABLE_CODE = YES;
				CLANG_WARN__DUPLICATE_METHOD_MATCH = YES;
				COPY_PHASE_STRIP = NO;
				DEBUG_INFORMATION_FORMAT = "dwarf-with-dsym";
				ENABLE_NS_ASSERTIONS = NO;
				ENABLE_STRICT_OBJC_MSGSEND = YES;
				GCC_C_LANGUAGE_STANDARD = gnu11;
				GCC_NO_COMMON_BLOCKS = YES;
				GCC_WARN_64_TO_32_BIT_CONVERSION = YES;
				GCC_WARN_ABOUT_RETURN_TYPE = YES_ERROR;
				GCC_WARN_UNDECLARED_SELECTOR = YES;
				GCC_WARN_UNINITIALIZED_AUTOS = YES_AGGRESSIVE;
				GCC_WARN_UNUSED_FUNCTION = YES;
				GCC_WARN_UNUSED_VARIABLE = YES;
				IPHONEOS_DEPLOYMENT_TARGET = 15.2;
				MTL_ENABLE_DEBUG_INFO = NO;
				MTL_FAST_MATH = YES;
				SDKROOT = iphoneos;
				SWIFT_COMPILATION_MODE = wholemodule;
				SWIFT_OPTIMIZATION_LEVEL = "-O";
				VALIDATE_PRODUCT = YES;
			};
			name = Release;
		};
		89089613283A58A400AE2BEF /* Debug */ = {
			isa = XCBuildConfiguration;
			buildSettings = {
				ASSETCATALOG_COMPILER_APPICON_NAME = AppIcon;
				ASSETCATALOG_COMPILER_GLOBAL_ACCENT_COLOR_NAME = AccentColor;
				CODE_SIGN_STYLE = Automatic;
				CURRENT_PROJECT_VERSION = 1;
				GENERATE_INFOPLIST_FILE = YES;
				INFOPLIST_FILE = "Spoke Calculator/Info.plist";
				INFOPLIST_KEY_CFBundleDisplayName = SpokeLength;
				INFOPLIST_KEY_UIApplicationSupportsIndirectInputEvents = YES;
				INFOPLIST_KEY_UILaunchStoryboardName = LaunchScreen;
				INFOPLIST_KEY_UIMainStoryboardFile = Main;
				INFOPLIST_KEY_UISupportedInterfaceOrientations = UIInterfaceOrientationPortrait;
				INFOPLIST_KEY_UISupportedInterfaceOrientations_iPad = "UIInterfaceOrientationPortrait UIInterfaceOrientationPortraitUpsideDown UIInterfaceOrientationLandscapeLeft UIInterfaceOrientationLandscapeRight";
				INFOPLIST_KEY_UISupportedInterfaceOrientations_iPhone = "UIInterfaceOrientationPortrait UIInterfaceOrientationLandscapeLeft UIInterfaceOrientationLandscapeRight";
				IPHONEOS_DEPLOYMENT_TARGET = 15.0;
				LD_RUNPATH_SEARCH_PATHS = (
					"$(inherited)",
					"@executable_path/Frameworks",
				);
				MARKETING_VERSION = 1.0;
				PRODUCT_BUNDLE_IDENTIFIER = "com.Yankov.Spoke-Calculator";
				PRODUCT_NAME = "$(TARGET_NAME)";
				SWIFT_EMIT_LOC_STRINGS = YES;
				SWIFT_VERSION = 5.0;
				TARGETED_DEVICE_FAMILY = 1;
			};
			name = Debug;
		};
		89089614283A58A400AE2BEF /* Release */ = {
			isa = XCBuildConfiguration;
			buildSettings = {
				ASSETCATALOG_COMPILER_APPICON_NAME = AppIcon;
				ASSETCATALOG_COMPILER_GLOBAL_ACCENT_COLOR_NAME = AccentColor;
				CODE_SIGN_STYLE = Automatic;
				CURRENT_PROJECT_VERSION = 1;
				GENERATE_INFOPLIST_FILE = YES;
				INFOPLIST_FILE = "Spoke Calculator/Info.plist";
				INFOPLIST_KEY_CFBundleDisplayName = SpokeLength;
				INFOPLIST_KEY_UIApplicationSupportsIndirectInputEvents = YES;
				INFOPLIST_KEY_UILaunchStoryboardName = LaunchScreen;
				INFOPLIST_KEY_UIMainStoryboardFile = Main;
				INFOPLIST_KEY_UISupportedInterfaceOrientations = UIInterfaceOrientationPortrait;
				INFOPLIST_KEY_UISupportedInterfaceOrientations_iPad = "UIInterfaceOrientationPortrait UIInterfaceOrientationPortraitUpsideDown UIInterfaceOrientationLandscapeLeft UIInterfaceOrientationLandscapeRight";
				INFOPLIST_KEY_UISupportedInterfaceOrientations_iPhone = "UIInterfaceOrientationPortrait UIInterfaceOrientationLandscapeLeft UIInterfaceOrientationLandscapeRight";
				IPHONEOS_DEPLOYMENT_TARGET = 15.0;
				LD_RUNPATH_SEARCH_PATHS = (
					"$(inherited)",
					"@executable_path/Frameworks",
				);
				MARKETING_VERSION = 1.0;
				PRODUCT_BUNDLE_IDENTIFIER = "com.Yankov.Spoke-Calculator";
				PRODUCT_NAME = "$(TARGET_NAME)";
				SWIFT_EMIT_LOC_STRINGS = YES;
				SWIFT_VERSION = 5.0;
				TARGETED_DEVICE_FAMILY = 1;
			};
			name = Release;
		};
/* End XCBuildConfiguration section */

/* Begin XCConfigurationList section */
		890895F9283A58A200AE2BEF /* Build configuration list for PBXProject "Spoke Calculator" */ = {
			isa = XCConfigurationList;
			buildConfigurations = (
				89089610283A58A400AE2BEF /* Debug */,
				89089611283A58A400AE2BEF /* Release */,
			);
			defaultConfigurationIsVisible = 0;
			defaultConfigurationName = Release;
		};
		89089612283A58A400AE2BEF /* Build configuration list for PBXNativeTarget "Spoke Calculator" */ = {
			isa = XCConfigurationList;
			buildConfigurations = (
				89089613283A58A400AE2BEF /* Debug */,
				89089614283A58A400AE2BEF /* Release */,
			);
			defaultConfigurationIsVisible = 0;
			defaultConfigurationName = Release;
		};
/* End XCConfigurationList section */
	};
	rootObject = 890895F6283A58A200AE2BEF /* Project object */;
}
